
Microsoft Visual Studio Solution File, Format Version 12.00
# Visual Studio 14
VisualStudioVersion = 14.0.23107.0
MinimumVisualStudioVersion = 10.0.40219.1
Project("{FAE04EC0-301F-11D3-BF4B-00C04F79EFBC}") = "GDO", "GDO\GDO.csproj", "{4A27F694-1D9A-420A-A3A6-62521EAA047E}"
EndProject
Project("{FAE04EC0-301F-11D3-BF4B-00C04F79EFBC}") = "GDO.Tests", "GDO.Tests\GDO.Tests.csproj", "{EF4E4AC5-78ED-441A-996E-AE1EE5C6E991}"
EndProject
Project("{FAE04EC0-301F-11D3-BF4B-00C04F79EFBC}") = "GDO.Apps.Images", "GDO.Apps.Images\GDO.Apps.Images.csproj", "{77BC15A4-E55B-46F5-BF97-CA91708661DA}"
EndProject
Project("{2150E333-8FDC-42A3-9474-1A3956D46DE8}") = "Solution Items", "Solution Items", "{AD4152F1-C1E9-4528-92F7-44112DF11A57}"
EndProject
Project("{FAE04EC0-301F-11D3-BF4B-00C04F79EFBC}") = "GDO.Apps.SmartCity", "GDO.Apps.SmartCity\GDO.Apps.SmartCity.csproj", "{03582490-FE29-4CBB-AFF5-98A51EC07E59}"
EndProject
Project("{FAE04EC0-301F-11D3-BF4B-00C04F79EFBC}") = "GDO.Apps.Youtube", "GDO.Apps.Youtube\GDO.Apps.Youtube.csproj", "{FFB1A839-7735-493F-A8F2-A43FF06D149E}"
EndProject
Project("{FAE04EC0-301F-11D3-BF4B-00C04F79EFBC}") = "GDO.Apps.Presentation", "GDO.Apps.Presentation\GDO.Apps.Presentation.csproj", "{B9637E74-6A97-4C7B-9320-7168FC6CC931}"
EndProject
Project("{FAE04EC0-301F-11D3-BF4B-00C04F79EFBC}") = "GDO.Apps.Graph", "GDO.Apps.Graph\GDO.Apps.Graph.csproj", "{22DCE338-D4A7-4D49-9915-894297FDDEEF}"
EndProject
Project("{FAE04EC0-301F-11D3-BF4B-00C04F79EFBC}") = "GDO.Apps.DD3", "GDO.Apps.DD3\GDO.Apps.DD3.csproj", "{DF0D5ADD-0B53-4564-8983-2498C76D621A}"
EndProject
Project("{FAE04EC0-301F-11D3-BF4B-00C04F79EFBC}") = "GDO.Apps.Temperatures", "GDO.Apps.Temperatures\GDO.Apps.Temperatures.csproj", "{18E90339-02F1-4281-B3F9-3DC2F7861AA8}"
EndProject
Project("{FAE04EC0-301F-11D3-BF4B-00C04F79EFBC}") = "GDO.Apps.tranSMART", "GDO.Apps.tranSMART\GDO.Apps.tranSMART.csproj", "{561A278E-ACD3-4B92-8A81-2BE3035337C9}"
EndProject
Project("{FAE04EC0-301F-11D3-BF4B-00C04F79EFBC}") = "GDO.Apps.TimeV", "GDO.Apps.TimeV\GDO.Apps.TimeV.csproj", "{61541E0F-32AF-47D7-B106-C04C4DC0149A}"
EndProject
Project("{FAE04EC0-301F-11D3-BF4B-00C04F79EFBC}") = "GDO.Apps.ShanghaiMetro", "GDO.Apps.ShanghaiMetro\GDO.Apps.ShanghaiMetro.csproj", "{2159FF04-A104-4830-BAB4-86F1F0202967}"
EndProject
Project("{FAE04EC0-301F-11D3-BF4B-00C04F79EFBC}") = "GDO.Apps.Bitcoin", "GDO.Apps.Bitcoin\GDO.Apps.Bitcoin.csproj", "{157EAF14-7710-448E-8260-6708F0917B7B}"
EndProject
Project("{FAE04EC0-301F-11D3-BF4B-00C04F79EFBC}") = "GDO.Apps.BasicMaps", "GDO.Apps.BasicMaps\GDO.Apps.BasicMaps.csproj", "{A7A00D99-5A23-40F7-8ABC-A0B6B215282D}"
EndProject
Project("{FAE04EC0-301F-11D3-BF4B-00C04F79EFBC}") = "GDO.Apps.HelloWorld", "GDO.Apps.HelloWorld\GDO.Apps.HelloWorld.csproj", "{D823C98A-B5DF-4716-A5EB-77D64A8F7E2B}"
EndProject
Project("{FAE04EC0-301F-11D3-BF4B-00C04F79EFBC}") = "GDO.Apps.SAGE2", "GDO.Apps.SAGE2\GDO.Apps.SAGE2.csproj", "{C48A1B26-5035-4746-8405-5EE23276EFBA}"
EndProject
<<<<<<< HEAD
Project("{FAE04EC0-301F-11D3-BF4B-00C04F79EFBC}") = "GDO.Apps.Fractals", "GDO.Apps.Fractals\GDO.Apps.Fractals.csproj", "{963BCC97-1E5E-48EA-A39C-31E451142217}"
=======
Project("{FAE04EC0-301F-11D3-BF4B-00C04F79EFBC}") = "GDO.Apps.GigaImages", "GDO.Apps.GigaImages\GDO.Apps.GigaImages.csproj", "{741AE1F3-3877-425A-BB95-DAC0F1586B74}"
EndProject
Project("{FAE04EC0-301F-11D3-BF4B-00C04F79EFBC}") = "GDO.Apps.LondonCycles", "GDO.Apps.LondonCycles\GDO.Apps.LondonCycles.csproj", "{6233F7A3-4E1E-4566-ADB7-41C313508BFC}"
EndProject
Project("{FAE04EC0-301F-11D3-BF4B-00C04F79EFBC}") = "GDO.Modules.EyeTracking", "GDO.Modules.EyeTracking\GDO.Modules.EyeTracking.csproj", "{74CC3CD2-3404-4478-B074-F30CDD34F052}"
>>>>>>> master
EndProject
Global
	GlobalSection(SolutionConfigurationPlatforms) = preSolution
		Debug|Any CPU = Debug|Any CPU
		Release|Any CPU = Release|Any CPU
	EndGlobalSection
	GlobalSection(ProjectConfigurationPlatforms) = postSolution
		{4A27F694-1D9A-420A-A3A6-62521EAA047E}.Debug|Any CPU.ActiveCfg = Debug|Any CPU
		{4A27F694-1D9A-420A-A3A6-62521EAA047E}.Debug|Any CPU.Build.0 = Debug|Any CPU
		{4A27F694-1D9A-420A-A3A6-62521EAA047E}.Release|Any CPU.ActiveCfg = Release|Any CPU
		{4A27F694-1D9A-420A-A3A6-62521EAA047E}.Release|Any CPU.Build.0 = Release|Any CPU
		{EF4E4AC5-78ED-441A-996E-AE1EE5C6E991}.Debug|Any CPU.ActiveCfg = Debug|Any CPU
		{EF4E4AC5-78ED-441A-996E-AE1EE5C6E991}.Debug|Any CPU.Build.0 = Debug|Any CPU
		{EF4E4AC5-78ED-441A-996E-AE1EE5C6E991}.Release|Any CPU.ActiveCfg = Release|Any CPU
		{EF4E4AC5-78ED-441A-996E-AE1EE5C6E991}.Release|Any CPU.Build.0 = Release|Any CPU
		{77BC15A4-E55B-46F5-BF97-CA91708661DA}.Debug|Any CPU.ActiveCfg = Debug|Any CPU
		{77BC15A4-E55B-46F5-BF97-CA91708661DA}.Debug|Any CPU.Build.0 = Debug|Any CPU
		{77BC15A4-E55B-46F5-BF97-CA91708661DA}.Release|Any CPU.ActiveCfg = Release|Any CPU
		{77BC15A4-E55B-46F5-BF97-CA91708661DA}.Release|Any CPU.Build.0 = Release|Any CPU
		{03582490-FE29-4CBB-AFF5-98A51EC07E59}.Debug|Any CPU.ActiveCfg = Debug|Any CPU
		{03582490-FE29-4CBB-AFF5-98A51EC07E59}.Debug|Any CPU.Build.0 = Debug|Any CPU
		{03582490-FE29-4CBB-AFF5-98A51EC07E59}.Release|Any CPU.ActiveCfg = Release|Any CPU
		{03582490-FE29-4CBB-AFF5-98A51EC07E59}.Release|Any CPU.Build.0 = Release|Any CPU
		{FFB1A839-7735-493F-A8F2-A43FF06D149E}.Debug|Any CPU.ActiveCfg = Debug|Any CPU
		{FFB1A839-7735-493F-A8F2-A43FF06D149E}.Debug|Any CPU.Build.0 = Debug|Any CPU
		{FFB1A839-7735-493F-A8F2-A43FF06D149E}.Release|Any CPU.ActiveCfg = Release|Any CPU
		{FFB1A839-7735-493F-A8F2-A43FF06D149E}.Release|Any CPU.Build.0 = Release|Any CPU
		{B9637E74-6A97-4C7B-9320-7168FC6CC931}.Debug|Any CPU.ActiveCfg = Debug|Any CPU
		{B9637E74-6A97-4C7B-9320-7168FC6CC931}.Debug|Any CPU.Build.0 = Debug|Any CPU
		{B9637E74-6A97-4C7B-9320-7168FC6CC931}.Release|Any CPU.ActiveCfg = Release|Any CPU
		{B9637E74-6A97-4C7B-9320-7168FC6CC931}.Release|Any CPU.Build.0 = Release|Any CPU
		{22DCE338-D4A7-4D49-9915-894297FDDEEF}.Debug|Any CPU.ActiveCfg = Debug|Any CPU
		{22DCE338-D4A7-4D49-9915-894297FDDEEF}.Debug|Any CPU.Build.0 = Debug|Any CPU
		{22DCE338-D4A7-4D49-9915-894297FDDEEF}.Release|Any CPU.ActiveCfg = Release|Any CPU
		{22DCE338-D4A7-4D49-9915-894297FDDEEF}.Release|Any CPU.Build.0 = Release|Any CPU
		{DF0D5ADD-0B53-4564-8983-2498C76D621A}.Debug|Any CPU.ActiveCfg = Debug|Any CPU
		{DF0D5ADD-0B53-4564-8983-2498C76D621A}.Debug|Any CPU.Build.0 = Debug|Any CPU
		{DF0D5ADD-0B53-4564-8983-2498C76D621A}.Release|Any CPU.ActiveCfg = Release|Any CPU
		{DF0D5ADD-0B53-4564-8983-2498C76D621A}.Release|Any CPU.Build.0 = Release|Any CPU
		{18E90339-02F1-4281-B3F9-3DC2F7861AA8}.Debug|Any CPU.ActiveCfg = Debug|Any CPU
		{18E90339-02F1-4281-B3F9-3DC2F7861AA8}.Debug|Any CPU.Build.0 = Debug|Any CPU
		{18E90339-02F1-4281-B3F9-3DC2F7861AA8}.Release|Any CPU.ActiveCfg = Release|Any CPU
		{18E90339-02F1-4281-B3F9-3DC2F7861AA8}.Release|Any CPU.Build.0 = Release|Any CPU
		{561A278E-ACD3-4B92-8A81-2BE3035337C9}.Debug|Any CPU.ActiveCfg = Debug|Any CPU
		{561A278E-ACD3-4B92-8A81-2BE3035337C9}.Debug|Any CPU.Build.0 = Debug|Any CPU
		{561A278E-ACD3-4B92-8A81-2BE3035337C9}.Release|Any CPU.ActiveCfg = Release|Any CPU
		{561A278E-ACD3-4B92-8A81-2BE3035337C9}.Release|Any CPU.Build.0 = Release|Any CPU
		{61541E0F-32AF-47D7-B106-C04C4DC0149A}.Debug|Any CPU.ActiveCfg = Debug|Any CPU
		{61541E0F-32AF-47D7-B106-C04C4DC0149A}.Debug|Any CPU.Build.0 = Debug|Any CPU
		{61541E0F-32AF-47D7-B106-C04C4DC0149A}.Release|Any CPU.ActiveCfg = Release|Any CPU
		{61541E0F-32AF-47D7-B106-C04C4DC0149A}.Release|Any CPU.Build.0 = Release|Any CPU
		{2159FF04-A104-4830-BAB4-86F1F0202967}.Debug|Any CPU.ActiveCfg = Debug|Any CPU
		{2159FF04-A104-4830-BAB4-86F1F0202967}.Debug|Any CPU.Build.0 = Debug|Any CPU
		{2159FF04-A104-4830-BAB4-86F1F0202967}.Release|Any CPU.ActiveCfg = Release|Any CPU
		{2159FF04-A104-4830-BAB4-86F1F0202967}.Release|Any CPU.Build.0 = Release|Any CPU
		{157EAF14-7710-448E-8260-6708F0917B7B}.Debug|Any CPU.ActiveCfg = Debug|Any CPU
		{157EAF14-7710-448E-8260-6708F0917B7B}.Debug|Any CPU.Build.0 = Debug|Any CPU
		{157EAF14-7710-448E-8260-6708F0917B7B}.Release|Any CPU.ActiveCfg = Release|Any CPU
		{157EAF14-7710-448E-8260-6708F0917B7B}.Release|Any CPU.Build.0 = Release|Any CPU
		{A7A00D99-5A23-40F7-8ABC-A0B6B215282D}.Debug|Any CPU.ActiveCfg = Debug|Any CPU
		{A7A00D99-5A23-40F7-8ABC-A0B6B215282D}.Debug|Any CPU.Build.0 = Debug|Any CPU
		{A7A00D99-5A23-40F7-8ABC-A0B6B215282D}.Release|Any CPU.ActiveCfg = Release|Any CPU
		{A7A00D99-5A23-40F7-8ABC-A0B6B215282D}.Release|Any CPU.Build.0 = Release|Any CPU
		{D823C98A-B5DF-4716-A5EB-77D64A8F7E2B}.Debug|Any CPU.ActiveCfg = Debug|Any CPU
		{D823C98A-B5DF-4716-A5EB-77D64A8F7E2B}.Debug|Any CPU.Build.0 = Debug|Any CPU
		{D823C98A-B5DF-4716-A5EB-77D64A8F7E2B}.Release|Any CPU.ActiveCfg = Release|Any CPU
		{D823C98A-B5DF-4716-A5EB-77D64A8F7E2B}.Release|Any CPU.Build.0 = Release|Any CPU
		{C48A1B26-5035-4746-8405-5EE23276EFBA}.Debug|Any CPU.ActiveCfg = Debug|Any CPU
		{C48A1B26-5035-4746-8405-5EE23276EFBA}.Debug|Any CPU.Build.0 = Debug|Any CPU
		{C48A1B26-5035-4746-8405-5EE23276EFBA}.Release|Any CPU.ActiveCfg = Release|Any CPU
		{C48A1B26-5035-4746-8405-5EE23276EFBA}.Release|Any CPU.Build.0 = Release|Any CPU
<<<<<<< HEAD
		{963BCC97-1E5E-48EA-A39C-31E451142217}.Debug|Any CPU.ActiveCfg = Debug|Any CPU
		{963BCC97-1E5E-48EA-A39C-31E451142217}.Debug|Any CPU.Build.0 = Debug|Any CPU
		{963BCC97-1E5E-48EA-A39C-31E451142217}.Release|Any CPU.ActiveCfg = Release|Any CPU
		{963BCC97-1E5E-48EA-A39C-31E451142217}.Release|Any CPU.Build.0 = Release|Any CPU
=======
		{741AE1F3-3877-425A-BB95-DAC0F1586B74}.Debug|Any CPU.ActiveCfg = Debug|Any CPU
		{741AE1F3-3877-425A-BB95-DAC0F1586B74}.Debug|Any CPU.Build.0 = Debug|Any CPU
		{741AE1F3-3877-425A-BB95-DAC0F1586B74}.Release|Any CPU.ActiveCfg = Release|Any CPU
		{741AE1F3-3877-425A-BB95-DAC0F1586B74}.Release|Any CPU.Build.0 = Release|Any CPU
		{6233F7A3-4E1E-4566-ADB7-41C313508BFC}.Debug|Any CPU.ActiveCfg = Debug|Any CPU
		{6233F7A3-4E1E-4566-ADB7-41C313508BFC}.Debug|Any CPU.Build.0 = Debug|Any CPU
		{6233F7A3-4E1E-4566-ADB7-41C313508BFC}.Release|Any CPU.ActiveCfg = Release|Any CPU
		{6233F7A3-4E1E-4566-ADB7-41C313508BFC}.Release|Any CPU.Build.0 = Release|Any CPU
		{74CC3CD2-3404-4478-B074-F30CDD34F052}.Debug|Any CPU.ActiveCfg = Debug|Any CPU
		{74CC3CD2-3404-4478-B074-F30CDD34F052}.Debug|Any CPU.Build.0 = Debug|Any CPU
		{74CC3CD2-3404-4478-B074-F30CDD34F052}.Release|Any CPU.ActiveCfg = Release|Any CPU
		{74CC3CD2-3404-4478-B074-F30CDD34F052}.Release|Any CPU.Build.0 = Release|Any CPU
>>>>>>> master
	EndGlobalSection
	GlobalSection(SolutionProperties) = preSolution
		HideSolutionNode = FALSE
	EndGlobalSection
EndGlobal
