
Microsoft Visual Studio Solution File, Format Version 12.00
# Visual Studio 2013
VisualStudioVersion = 12.0.31101.0
MinimumVisualStudioVersion = 10.0.40219.1
Project("{FAE04EC0-301F-11D3-BF4B-00C04F79EFBC}") = "GDO", "GDO\GDO.csproj", "{4A27F694-1D9A-420A-A3A6-62521EAA047E}"
EndProject
Project("{FAE04EC0-301F-11D3-BF4B-00C04F79EFBC}") = "GDO.Tests", "GDO.Tests\GDO.Tests.csproj", "{EF4E4AC5-78ED-441A-996E-AE1EE5C6E991}"
EndProject
Project("{FAE04EC0-301F-11D3-BF4B-00C04F79EFBC}") = "GDO.Apps.ImageTiles", "GDO.Apps.ImageTiles\GDO.Apps.ImageTiles.csproj", "{77BC15A4-E55B-46F5-BF97-CA91708661DA}"
EndProject
Project("{2150E333-8FDC-42A3-9474-1A3956D46DE8}") = "Solution Items", "Solution Items", "{AD4152F1-C1E9-4528-92F7-44112DF11A57}"
	ProjectSection(SolutionItems) = preProject
		create_browsers_local.exe = create_browsers_local.exe
		import_apps.bat = import_apps.bat
	EndProjectSection
EndProject
Project("{FAE04EC0-301F-11D3-BF4B-00C04F79EFBC}") = "GDO.Apps.TimeV", "GDO.Apps.TimeV\GDO.Apps.TimeV.csproj", "{64EE2286-C18A-471E-B8BC-918A8C00839A}"
EndProject
Global
	GlobalSection(SolutionConfigurationPlatforms) = preSolution
		Debug|Any CPU = Debug|Any CPU
		Release|Any CPU = Release|Any CPU
	EndGlobalSection
	GlobalSection(ProjectConfigurationPlatforms) = postSolution
		{4A27F694-1D9A-420A-A3A6-62521EAA047E}.Debug|Any CPU.ActiveCfg = Debug|Any CPU
		{4A27F694-1D9A-420A-A3A6-62521EAA047E}.Debug|Any CPU.Build.0 = Debug|Any CPU
		{4A27F694-1D9A-420A-A3A6-62521EAA047E}.Release|Any CPU.ActiveCfg = Release|Any CPU
		{4A27F694-1D9A-420A-A3A6-62521EAA047E}.Release|Any CPU.Build.0 = Release|Any CPU
		{EF4E4AC5-78ED-441A-996E-AE1EE5C6E991}.Debug|Any CPU.ActiveCfg = Debug|Any CPU
		{EF4E4AC5-78ED-441A-996E-AE1EE5C6E991}.Debug|Any CPU.Build.0 = Debug|Any CPU
		{EF4E4AC5-78ED-441A-996E-AE1EE5C6E991}.Release|Any CPU.ActiveCfg = Release|Any CPU
		{EF4E4AC5-78ED-441A-996E-AE1EE5C6E991}.Release|Any CPU.Build.0 = Release|Any CPU
		{77BC15A4-E55B-46F5-BF97-CA91708661DA}.Debug|Any CPU.ActiveCfg = Debug|Any CPU
		{77BC15A4-E55B-46F5-BF97-CA91708661DA}.Debug|Any CPU.Build.0 = Debug|Any CPU
		{77BC15A4-E55B-46F5-BF97-CA91708661DA}.Release|Any CPU.ActiveCfg = Release|Any CPU
		{77BC15A4-E55B-46F5-BF97-CA91708661DA}.Release|Any CPU.Build.0 = Release|Any CPU
		{64EE2286-C18A-471E-B8BC-918A8C00839A}.Debug|Any CPU.ActiveCfg = Debug|Any CPU
		{64EE2286-C18A-471E-B8BC-918A8C00839A}.Debug|Any CPU.Build.0 = Debug|Any CPU
		{64EE2286-C18A-471E-B8BC-918A8C00839A}.Release|Any CPU.ActiveCfg = Release|Any CPU
		{64EE2286-C18A-471E-B8BC-918A8C00839A}.Release|Any CPU.Build.0 = Release|Any CPU
	EndGlobalSection
	GlobalSection(SolutionProperties) = preSolution
		HideSolutionNode = FALSE
	EndGlobalSection
EndGlobal
